// !$*UTF8*$!
{
	archiveVersion = 1;
	classes = {
	};
	objectVersion = 48;
	objects = {

/* Begin PBXBuildFile section */
		4ADE95B51FB58621001E646E /* AppDelegate.swift in Sources */ = {isa = PBXBuildFile; fileRef = 4ADE95B41FB58621001E646E /* AppDelegate.swift */; };
		4ADE95B71FB58621001E646E /* ViewController.swift in Sources */ = {isa = PBXBuildFile; fileRef = 4ADE95B61FB58621001E646E /* ViewController.swift */; };
		4ADE95BA1FB58621001E646E /* Main.storyboard in Resources */ = {isa = PBXBuildFile; fileRef = 4ADE95B81FB58621001E646E /* Main.storyboard */; };
		4ADE95BC1FB58621001E646E /* Assets.xcassets in Resources */ = {isa = PBXBuildFile; fileRef = 4ADE95BB1FB58621001E646E /* Assets.xcassets */; };
		4ADE95BF1FB58621001E646E /* LaunchScreen.storyboard in Resources */ = {isa = PBXBuildFile; fileRef = 4ADE95BD1FB58621001E646E /* LaunchScreen.storyboard */; };
/* End PBXBuildFile section */

/* Begin PBXFileReference section */
		4ADE95B11FB58620001E646E /* DatePickeViewWithTextField.app */ = {isa = PBXFileReference; explicitFileType = wrapper.application; includeInIndex = 0; path = DatePickeViewWithTextField.app; sourceTree = BUILT_PRODUCTS_DIR; };
		4ADE95B41FB58621001E646E /* AppDelegate.swift */ = {isa = PBXFileReference; lastKnownFileType = sourcecode.swift; path = AppDelegate.swift; sourceTree = "<group>"; };
		4ADE95B61FB58621001E646E /* ViewController.swift */ = {isa = PBXFileReference; lastKnownFileType = sourcecode.swift; path = ViewController.swift; sourceTree = "<group>"; };
		4ADE95B91FB58621001E646E /* Base */ = {isa = PBXFileReference; lastKnownFileType = file.storyboard; name = Base; path = Base.lproj/Main.storyboard; sourceTree = "<group>"; };
		4ADE95BB1FB58621001E646E /* Assets.xcassets */ = {isa = PBXFileReference; lastKnownFileType = folder.assetcatalog; path = Assets.xcassets; sourceTree = "<group>"; };
		4ADE95BE1FB58621001E646E /* Base */ = {isa = PBXFileReference; lastKnownFileType = file.storyboard; name = Base; path = Base.lproj/LaunchScreen.storyboard; sourceTree = "<group>"; };
		4ADE95C01FB58621001E646E /* Info.plist */ = {isa = PBXFileReference; lastKnownFileType = text.plist.xml; path = Info.plist; sourceTree = "<group>"; };
/* End PBXFileReference section */

/* Begin PBXFrameworksBuildPhase section */
		4ADE95AE1FB58620001E646E /* Frameworks */ = {
			isa = PBXFrameworksBuildPhase;
			buildActionMask = 2147483647;
			files = (
			);
			runOnlyForDeploymentPostprocessing = 0;
		};
/* End PBXFrameworksBuildPhase section */

/* Begin PBXGroup section */
		4ADE95A81FB58620001E646E = {
			isa = PBXGroup;
			children = (
				4ADE95B31FB58620001E646E /* DatePickeViewWithTextField */,
				4ADE95B21FB58620001E646E /* Products */,
			);
			sourceTree = "<group>";
		};
		4ADE95B21FB58620001E646E /* Products */ = {
			isa = PBXGroup;
			children = (
				4ADE95B11FB58620001E646E /* DatePickeViewWithTextField.app */,
			);
			name = Products;
			sourceTree = "<group>";
		};
		4ADE95B31FB58620001E646E /* DatePickeViewWithTextField */ = {
			isa = PBXGroup;
			children = (
				4ADE95B41FB58621001E646E /* AppDelegate.swift */,
				4ADE95B61FB58621001E646E /* ViewController.swift */,
				4ADE95B81FB58621001E646E /* Main.storyboard */,
				4ADE95BB1FB58621001E646E /* Assets.xcassets */,
				4ADE95BD1FB58621001E646E /* LaunchScreen.storyboard */,
				4ADE95C01FB58621001E646E /* Info.plist */,
			);
			path = DatePickeViewWithTextField;
			sourceTree = "<group>";
		};
/* End PBXGroup section */

/* Begin PBXNativeTarget section */
		4ADE95B01FB58620001E646E /* DatePickeViewWithTextField */ = {
			isa = PBXNativeTarget;
			buildConfigurationList = 4ADE95C31FB58621001E646E /* Build configuration list for PBXNativeTarget "DatePickeViewWithTextField" */;
			buildPhases = (
				4ADE95AD1FB58620001E646E /* Sources */,
				4ADE95AE1FB58620001E646E /* Frameworks */,
				4ADE95AF1FB58620001E646E /* Resources */,
			);
			buildRules = (
			);
			dependencies = (
			);
			name = DatePickeViewWithTextField;
			productName = DatePickeViewWithTextField;
			productReference = 4ADE95B11FB58620001E646E /* DatePickeViewWithTextField.app */;
			productType = "com.apple.product-type.application";
		};
/* End PBXNativeTarget section */

/* Begin PBXProject section */
		4ADE95A91FB58620001E646E /* Project object */ = {
			isa = PBXProject;
			attributes = {
				LastSwiftUpdateCheck = 0910;
				LastUpgradeCheck = 0910;
				ORGANIZATIONNAME = "Akash Technolabs";
				TargetAttributes = {
					4ADE95B01FB58620001E646E = {
						CreatedOnToolsVersion = 9.1;
						ProvisioningStyle = Automatic;
					};
				};
			};
			buildConfigurationList = 4ADE95AC1FB58620001E646E /* Build configuration list for PBXProject "DatePickeViewWithTextField" */;
			compatibilityVersion = "Xcode 8.0";
			developmentRegion = en;
			hasScannedForEncodings = 0;
			knownRegions = (
				en,
				Base,
			);
			mainGroup = 4ADE95A81FB58620001E646E;
			productRefGroup = 4ADE95B21FB58620001E646E /* Products */;
			projectDirPath = "";
			projectRoot = "";
			targets = (
				4ADE95B01FB58620001E646E /* DatePickeViewWithTextField */,
			);
		};
/* End PBXProject section */

/* Begin PBXResourcesBuildPhase section */
		4ADE95AF1FB58620001E646E /* Resources */ = {
			isa = PBXResourcesBuildPhase;
			buildActionMask = 2147483647;
			files = (
				4ADE95BF1FB58621001E646E /* LaunchScreen.storyboard in Resources */,
				4ADE95BC1FB58621001E646E /* Assets.xcassets in Resources */,
				4ADE95BA1FB58621001E646E /* Main.storyboard in Resources */,
			);
			runOnlyForDeploymentPostprocessing = 0;
		};
/* End PBXResourcesBuildPhase section */

/* Begin PBXSourcesBuildPhase section */
		4ADE95AD1FB58620001E646E /* Sources */ = {
			isa = PBXSourcesBuildPhase;
			buildActionMask = 2147483647;
			files = (
				4ADE95B71FB58621001E646E /* ViewController.swift in Sources */,
				4ADE95B51FB58621001E646E /* AppDelegate.swift in Sources */,
			);
			runOnlyForDeploymentPostprocessing = 0;
		};
/* End PBXSourcesBuildPhase section */

/* Begin PBXVariantGroup section */
		4ADE95B81FB58621001E646E /* Main.storyboard */ = {
			isa = PBXVariantGroup;
			children = (
				4ADE95B91FB58621001E646E /* Base */,
			);
			name = Main.storyboard;
			sourceTree = "<group>";
		};
		4ADE95BD1FB58621001E646E /* LaunchScreen.storyboard */ = {
			isa = PBXVariantGroup;
			children = (
				4ADE95BE1FB58621001E646E /* Base */,
			);
			name = LaunchScreen.storyboard;
			sourceTree = "<group>";
		};
/* End PBXVariantGroup section */

/* Begin XCBuildConfiguration section */
		4ADE95C11FB58621001E646E /* Debug */ = {
			isa = XCBuildConfiguration;
			buildSettings = {
				ALWAYS_SEARCH_USER_PATHS = NO;
				CLANG_ANALYZER_NONNULL = YES;
				CLANG_ANALYZER_NUMBER_OBJECT_CONVERSION = YES_AGGRESSIVE;
				CLANG_CXX_LANGUAGE_STANDARD = "gnu++14";
				CLANG_CXX_LIBRARY = "libc++";
				CLANG_ENABLE_MODULES = YES;
				CLANG_ENABLE_OBJC_ARC = YES;
				CLANG_WARN_BLOCK_CAPTURE_AUTORELEASING = YES;
				CLANG_WARN_BOOL_CONVERSION = YES;
				CLANG_WARN_COMMA = YES;
				CLANG_WARN_CONSTANT_CONVERSION = YES;
				CLANG_WARN_DIRECT_OBJC_ISA_USAGE = YES_ERROR;
				CLANG_WARN_DOCUMENTATION_COMMENTS = YES;
				CLANG_WARN_EMPTY_BODY = YES;
				CLANG_WARN_ENUM_CONVERSION = YES;
				CLANG_WARN_INFINITE_RECURSION = YES;
				CLANG_WARN_INT_CONVERSION = YES;
				CLANG_WARN_NON_LITERAL_NULL_CONVERSION = YES;
				CLANG_WARN_OBJC_LITERAL_CONVERSION = YES;
				CLANG_WARN_OBJC_ROOT_CLASS = YES_ERROR;
				CLANG_WARN_RANGE_LOOP_ANALYSIS = YES;
				CLANG_WARN_STRICT_PROTOTYPES = YES;
				CLANG_WARN_SUSPICIOUS_MOVE = YES;
				CLANG_WARN_UNGUARDED_AVAILABILITY = YES_AGGRESSIVE;
				CLANG_WARN_UNREACHABLE_CODE = YES;
				CLANG_WARN__DUPLICATE_METHOD_MATCH = YES;
				CODE_SIGN_IDENTITY = "iPhone Developer";
				COPY_PHASE_STRIP = NO;
				DEBUG_INFORMATION_FORMAT = dwarf;
				ENABLE_STRICT_OBJC_MSGSEND = YES;
				ENABLE_TESTABILITY = YES;
				GCC_C_LANGUAGE_STANDARD = gnu11;
				GCC_DYNAMIC_NO_PIC = NO;
				GCC_NO_COMMON_BLOCKS = YES;
				GCC_OPTIMIZATION_LEVEL = 0;
				GCC_PREPROCESSOR_DEFINITIONS = (
					"DEBUG=1",
					"$(inherited)",
				);
				GCC_WARN_64_TO_32_BIT_CONVERSION = YES;
				GCC_WARN_ABOUT_RETURN_TYPE = YES_ERROR;
				GCC_WARN_UNDECLARED_SELECTOR = YES;
				GCC_WARN_UNINITIALIZED_AUTOS = YES_AGGRESSIVE;
				GCC_WARN_UNUSED_FUNCTION = YES;
				GCC_WARN_UNUSED_VARIABLE = YES;
				IPHONEOS_DEPLOYMENT_TARGET = 11.1;
				MTL_ENABLE_DEBUG_INFO = YES;
				ONLY_ACTIVE_ARCH = YES;
				SDKROOT = iphoneos;
				SWIFT_ACTIVE_COMPILATION_CONDITIONS = DEBUG;
				SWIFT_OPTIMIZATION_LEVEL = "-Onone";
			};
			name = Debug;
		};
		4ADE95C21FB58621001E646E /* Release */ = {
			isa = XCBuildConfiguration;
			buildSettings = {
				ALWAYS_SEARCH_USER_PATHS = NO;
				CLANG_ANALYZER_NONNULL = YES;
				CLANG_ANALYZER_NUMBER_OBJECT_CONVERSION = YES_AGGRESSIVE;
				CLANG_CXX_LANGUAGE_STANDARD = "gnu++14";
				CLANG_CXX_LIBRARY = "libc++";
				CLANG_ENABLE_MODULES = YES;
				CLANG_ENABLE_OBJC_ARC = YES;
				CLANG_WARN_BLOCK_CAPTURE_AUTORELEASING = YES;
				CLANG_WARN_BOOL_CONVERSION = YES;
				CLANG_WARN_COMMA = YES;
				CLANG_WARN_CONSTANT_CONVERSION = YES;
				CLANG_WARN_DIRECT_OBJC_ISA_USAGE = YES_ERROR;
				CLANG_WARN_DOCUMENTATION_COMMENTS = YES;
				CLANG_WARN_EMPTY_BODY = YES;
				CLANG_WARN_ENUM_CONVERSION = YES;
				CLANG_WARN_INFINITE_RECURSION = YES;
				CLANG_WARN_INT_CONVERSION = YES;
				CLANG_WARN_NON_LITERAL_NULL_CONVERSION = YES;
				CLANG_WARN_OBJC_LITERAL_CONVERSION = YES;
				CLANG_WARN_OBJC_ROOT_CLASS = YES_ERROR;
				CLANG_WARN_RANGE_LOOP_ANALYSIS = YES;
				CLANG_WARN_STRICT_PROTOTYPES = YES;
				CLANG_WARN_SUSPICIOUS_MOVE = YES;
				CLANG_WARN_UNGUARDED_AVAILABILITY = YES_AGGRESSIVE;
				CLANG_WARN_UNREACHABLE_CODE = YES;
				CLANG_WARN__DUPLICATE_METHOD_MATCH = YES;
				CODE_SIGN_IDENTITY = "iPhone Developer";
				COPY_PHASE_STRIP = NO;
				DEBUG_INFORMATION_FORMAT = "dwarf-with-dsym";
				ENABLE_NS_ASSERTIONS = NO;
				ENABLE_STRICT_OBJC_MSGSEND = YES;
				GCC_C_LANGUAGE_STANDARD = gnu11;
				GCC_NO_COMMON_BLOCKS = YES;
				GCC_WARN_64_TO_32_BIT_CONVERSION = YES;
				GCC_WARN_ABOUT_RETURN_TYPE = YES_ERROR;
				GCC_WARN_UNDECLARED_SELECTOR = YES;
				GCC_WARN_UNINITIALIZED_AUTOS = YES_AGGRESSIVE;
				GCC_WARN_UNUSED_FUNCTION = YES;
				GCC_WARN_UNUSED_VARIABLE = YES;
				IPHONEOS_DEPLOYMENT_TARGET = 11.1;
				MTL_ENABLE_DEBUG_INFO = NO;
				SDKROOT = iphoneos;
				SWIFT_OPTIMIZATION_LEVEL = "-Owholemodule";
				VALIDATE_PRODUCT = YES;
			};
			name = Release;
		};
		4ADE95C41FB58621001E646E /* Debug */ = {
			isa = XCBuildConfiguration;
			buildSettings = {
				ASSETCATALOG_COMPILER_APPICON_NAME = AppIcon;
				CODE_SIGN_STYLE = Automatic;
				DEVELOPMENT_TEAM = CVSFX684F5;
				INFOPLIST_FILE = DatePickeViewWithTextField/Info.plist;
				LD_RUNPATH_SEARCH_PATHS = "$(inherited) @executable_path/Frameworks";
				PRODUCT_BUNDLE_IDENTIFIER = com.akashpadhiyar.DatePickeViewWithTextField;
				PRODUCT_NAME = "$(TARGET_NAME)";
				SWIFT_VERSION = 4.0;
				TARGETED_DEVICE_FAMILY = "1,2";
			};
			name = Debug;
		};
		4ADE95C51FB58621001E646E /* Release */ = {
			isa = XCBuildConfiguration;
			buildSettings = {
				ASSETCATALOG_COMPILER_APPICON_NAME = AppIcon;
				CODE_SIGN_STYLE = Automatic;
				DEVELOPMENT_TEAM = CVSFX684F5;
				INFOPLIST_FILE = DatePickeViewWithTextField/Info.plist;
				LD_RUNPATH_SEARCH_PATHS = "$(inherited) @executable_path/Frameworks";
				PRODUCT_BUNDLE_IDENTIFIER = com.akashpadhiyar.DatePickeViewWithTextField;
				PRODUCT_NAME = "$(TARGET_NAME)";
				SWIFT_VERSION = 4.0;
				TARGETED_DEVICE_FAMILY = "1,2";
			};
			name = Release;
		};
/* End XCBuildConfiguration section */

/* Begin XCConfigurationList section */
		4ADE95AC1FB58620001E646E /* Build configuration list for PBXProject "DatePickeViewWithTextField" */ = {
			isa = XCConfigurationList;
			buildConfigurations = (
				4ADE95C11FB58621001E646E /* Debug */,
				4ADE95C21FB58621001E646E /* Release */,
			);
			defaultConfigurationIsVisible = 0;
			defaultConfigurationName = Release;
		};
		4ADE95C31FB58621001E646E /* Build configuration list for PBXNativeTarget "DatePickeViewWithTextField" */ = {
			isa = XCConfigurationList;
			buildConfigurations = (
				4ADE95C41FB58621001E646E /* Debug */,
				4ADE95C51FB58621001E646E /* Release */,
			);
			defaultConfigurationIsVisible = 0;
			defaultConfigurationName = Release;
		};
/* End XCConfigurationList section */
	};
	rootObject = 4ADE95A91FB58620001E646E /* Project object */;
}
